
Microsoft Visual Studio Solution File, Format Version 12.00
# Visual Studio Version 17
VisualStudioVersion = 17.0.32112.339
MinimumVisualStudioVersion = 10.0.40219.1
Project("{FAE04EC0-301F-11D3-BF4B-00C04F79EFBC}") = "project-2", "proekt_2\project-2.csproj", "{DAFAC7C9-3F91-411B-A5D2-77B399F3D587}"
EndProject
Project("{FAE04EC0-301F-11D3-BF4B-00C04F79EFBC}") = "project-0", "proekt_0\project-0.csproj", "{23A86A0F-341D-4CB1-AC77-39566BD30448}"
EndProject
Project("{FAE04EC0-301F-11D3-BF4B-00C04F79EFBC}") = "project-1", "proekt_1\project-1.csproj", "{E345F298-989C-4C57-9912-374BAAD28FCB}"
EndProject
Project("{FAE04EC0-301F-11D3-BF4B-00C04F79EFBC}") = "project-3", "proekt_3\project-3.csproj", "{A8EB6243-5540-4B5F-BB7A-3B0DA61C16F9}"
EndProject
Project("{FAE04EC0-301F-11D3-BF4B-00C04F79EFBC}") = "project-4", "proekt_4\project-4.csproj", "{DC60259C-08A6-4EFD-BAD1-817BAF576562}"
EndProject
Project("{FAE04EC0-301F-11D3-BF4B-00C04F79EFBC}") = "project-5", "proekt_5\project-5.csproj", "{FD3B413F-8AE7-4DE7-BC4A-79A22F883AF3}"
EndProject
Project("{FAE04EC0-301F-11D3-BF4B-00C04F79EFBC}") = "project-6", "project_6\project-6.csproj", "{775D4B69-F156-4D50-95DA-84B8B3717A9C}"
EndProject
Project("{FAE04EC0-301F-11D3-BF4B-00C04F79EFBC}") = "project-7", "project_7\project-7.csproj", "{4BCDC031-AFED-40F1-98B5-DBD94EC3D63E}"
EndProject
Project("{FAE04EC0-301F-11D3-BF4B-00C04F79EFBC}") = "project-8", "project_8\project-8.csproj", "{5D8B7856-87C3-4A07-8425-E1585D08BDC0}"
EndProject
Project("{FAE04EC0-301F-11D3-BF4B-00C04F79EFBC}") = "project-9", "project_9\project-9.csproj", "{7DC19D29-C861-4C41-81D1-BBB0ABDC5AE8}"
EndProject
Project("{FAE04EC0-301F-11D3-BF4B-00C04F79EFBC}") = "project-10", "project_10\project-10.csproj", "{720DE5CA-BAA9-4BDC-9779-919C3F6AA494}"
EndProject
Project("{FAE04EC0-301F-11D3-BF4B-00C04F79EFBC}") = "project-11", "project_11\project-11.csproj", "{E5510E45-7D90-4B13-8B37-5FCC96CE1ED5}"
EndProject
Project("{FAE04EC0-301F-11D3-BF4B-00C04F79EFBC}") = "project-12", "project_12\project-12.csproj", "{C7D71830-A388-4DCA-8D25-2F84BA8C4478}"
EndProject
Project("{FAE04EC0-301F-11D3-BF4B-00C04F79EFBC}") = "project-13", "project_13\project-13.csproj", "{451E7FF5-1270-431B-B605-1EF677A4146D}"
EndProject
Project("{FAE04EC0-301F-11D3-BF4B-00C04F79EFBC}") = "project-14", "project_14\project-14.csproj", "{7F0BF021-38D3-419F-BA10-F13CA72E7973}"
EndProject
Project("{FAE04EC0-301F-11D3-BF4B-00C04F79EFBC}") = "project-15", "project_15\project-15.csproj", "{E4B7FA20-BE3F-4CBB-B261-428334E2DEB6}"
EndProject
Project("{FAE04EC0-301F-11D3-BF4B-00C04F79EFBC}") = "project-16", "project_16\project-16.csproj", "{C908FC71-4FE3-4F8E-BA95-BFD25EA03985}"
EndProject
Project("{FAE04EC0-301F-11D3-BF4B-00C04F79EFBC}") = "project-17", "project_17\project-17.csproj", "{96F11B6B-B11F-4611-B461-D39BFB3C6BA8}"
EndProject
Project("{FAE04EC0-301F-11D3-BF4B-00C04F79EFBC}") = "project-18", "project_18\project-18.csproj", "{5644195F-4CC4-482C-AC44-F60048DA14B1}"
EndProject
Project("{FAE04EC0-301F-11D3-BF4B-00C04F79EFBC}") = "project-19", "project_19\project-19.csproj", "{FA9F96C9-DFA8-491C-8796-9815C60CF952}"
EndProject
Project("{FAE04EC0-301F-11D3-BF4B-00C04F79EFBC}") = "project-20", "project_20\project-20.csproj", "{0CA3E63C-4CC0-476C-9683-28FF0E2B0752}"
EndProject
Project("{FAE04EC0-301F-11D3-BF4B-00C04F79EFBC}") = "project_21", "project_21\project_21.csproj", "{E220EC71-68B7-4C3E-827F-379F0943E4EE}"
EndProject
Project("{FAE04EC0-301F-11D3-BF4B-00C04F79EFBC}") = "project_22", "Project_22\project_22.csproj", "{1B5C96F9-A08E-43A8-8467-802AE3E29C05}"
EndProject
Project("{FAE04EC0-301F-11D3-BF4B-00C04F79EFBC}") = "project_23", "project_23\project_23.csproj", "{59D084C6-5654-4F6C-B05B-4632213A0BAA}"
EndProject
Project("{FAE04EC0-301F-11D3-BF4B-00C04F79EFBC}") = "project_24", "project_24\project_24.csproj", "{4487989C-5F4F-4F8F-8285-8B6706E1F3DB}"
EndProject
Project("{FAE04EC0-301F-11D3-BF4B-00C04F79EFBC}") = "project_25", "project_25\project_25.csproj", "{50E11990-7EA1-44A2-8A05-9249B6166F91}"
EndProject
Project("{FAE04EC0-301F-11D3-BF4B-00C04F79EFBC}") = "project_26", "project_26\project_26.csproj", "{43D170F4-72D7-4D93-A0D8-399073AF0AE9}"
EndProject
Project("{FAE04EC0-301F-11D3-BF4B-00C04F79EFBC}") = "project_27", "project_27\project_27.csproj", "{616D7C49-6B5A-4F45-9F6E-FAE5F96470CD}"
EndProject
Project("{FAE04EC0-301F-11D3-BF4B-00C04F79EFBC}") = "project_29", "project_29\project_29.csproj", "{51F9EDA1-B5BA-4667-B453-3BF6A686A647}"
EndProject
Project("{FAE04EC0-301F-11D3-BF4B-00C04F79EFBC}") = "project_30", "project_30\project_30.csproj", "{E3ED106F-A849-4D85-BB2A-16B1A478378B}"
EndProject
Project("{FAE04EC0-301F-11D3-BF4B-00C04F79EFBC}") = "project_28", "project_28\project_28.csproj", "{8FFACF2F-3C78-4608-BF85-878F48B8A285}"
EndProject
Project("{FAE04EC0-301F-11D3-BF4B-00C04F79EFBC}") = "project_31", "project_31\project_31.csproj", "{AC86AF87-1369-4B6E-A177-3F824F77F29D}"
EndProject
Project("{FAE04EC0-301F-11D3-BF4B-00C04F79EFBC}") = "project_32", "project_32\project_32.csproj", "{1B2EC9A8-FAE5-48D4-878D-8B870889A121}"
EndProject
Project("{FAE04EC0-301F-11D3-BF4B-00C04F79EFBC}") = "project_33", "project_33\project_33.csproj", "{4599A79F-96B1-4FBE-BC86-9C7B4A6A32D3}"
EndProject
Project("{FAE04EC0-301F-11D3-BF4B-00C04F79EFBC}") = "project_35", "project_35\project_35.csproj", "{9BB07BDD-31EF-4D8A-8AC2-D45F50B347D7}"
EndProject
Project("{FAE04EC0-301F-11D3-BF4B-00C04F79EFBC}") = "project_36", "project_36\project_36.csproj", "{02263820-F55B-4F36-ABC2-C7E0E39DFDF2}"
EndProject
Project("{FAE04EC0-301F-11D3-BF4B-00C04F79EFBC}") = "project_37", "project_37\project_37.csproj", "{ACB747CC-ACB4-4AD3-846D-2F9FB5A7ABC3}"
EndProject
Project("{FAE04EC0-301F-11D3-BF4B-00C04F79EFBC}") = "project_38", "project_38\project_38.csproj", "{7F4243B4-D953-4BFC-BF81-E2C1FFC2A1A3}"
EndProject
Project("{FAE04EC0-301F-11D3-BF4B-00C04F79EFBC}") = "project_39", "project_39\project_39.csproj", "{A75052F6-6F31-4C53-A3A2-ED94653BC2FB}"
EndProject
Project("{FAE04EC0-301F-11D3-BF4B-00C04F79EFBC}") = "project_40", "project_40\project_40.csproj", "{7BB71713-62B9-4E36-8237-6AB74AE17EFB}"
EndProject
Project("{FAE04EC0-301F-11D3-BF4B-00C04F79EFBC}") = "project_34", "project_34\project_34.csproj", "{1D019F52-0A00-40B1-BBEF-1C8E23E25B17}"
EndProject
Project("{FAE04EC0-301F-11D3-BF4B-00C04F79EFBC}") = "project_41", "project_41\project_41.csproj", "{5DC05916-0AEE-4D63-933C-02CC0355461A}"
EndProject
Project("{FAE04EC0-301F-11D3-BF4B-00C04F79EFBC}") = "project_42", "project_42\project_42.csproj", "{DC0042E6-94A4-4EE3-A812-5F8EDE29F740}"
EndProject
Project("{FAE04EC0-301F-11D3-BF4B-00C04F79EFBC}") = "project_43", "project_43\project_43.csproj", "{DD6ECA25-D2DB-48AB-A974-45B8A7D6512B}"
EndProject
Project("{FAE04EC0-301F-11D3-BF4B-00C04F79EFBC}") = "project_44", "project_44\project_44.csproj", "{8388D6C8-2CFE-4F1A-9B51-34B6835D0FC2}"
EndProject
Project("{FAE04EC0-301F-11D3-BF4B-00C04F79EFBC}") = "project_45", "project_45\project_45.csproj", "{02CC811F-59D7-442C-B1C2-730ABAEF78BE}"
EndProject
Project("{FAE04EC0-301F-11D3-BF4B-00C04F79EFBC}") = "project_46", "project_46\project_46.csproj", "{37B1A9DE-8C4A-4F73-8CF1-42976242C8CB}"
EndProject
Project("{FAE04EC0-301F-11D3-BF4B-00C04F79EFBC}") = "project_47", "project_47\project_47.csproj", "{E5DF972C-99AE-4DDD-A74F-B0A5426C76E5}"
EndProject
Project("{FAE04EC0-301F-11D3-BF4B-00C04F79EFBC}") = "project_48", "project_48\project_48.csproj", "{F68AC778-6682-46CE-8CA5-EA45055011F2}"
EndProject
Project("{FAE04EC0-301F-11D3-BF4B-00C04F79EFBC}") = "project_49", "project_49\project_49.csproj", "{09CB9AAF-F3EB-4A6D-AE29-3A66EA569166}"
EndProject
Project("{FAE04EC0-301F-11D3-BF4B-00C04F79EFBC}") = "project_50", "project_50\project_50.csproj", "{9F34DDDD-D540-4A3F-BAB2-11CF8BD48FE1}"
EndProject
Project("{FAE04EC0-301F-11D3-BF4B-00C04F79EFBC}") = "project_51", "project_51\project_51.csproj", "{E192AF75-699B-4932-BFDD-8BCB56A94D3F}"
EndProject
Project("{FAE04EC0-301F-11D3-BF4B-00C04F79EFBC}") = "project_52", "project_52\project_52.csproj", "{3239AF78-7BF0-4A9E-BA73-3C5794062632}"
EndProject
Project("{FAE04EC0-301F-11D3-BF4B-00C04F79EFBC}") = "project_53", "project_53\project_53.csproj", "{3FFE981B-2429-4A3B-9215-B24C0208903F}"
EndProject
Project("{FAE04EC0-301F-11D3-BF4B-00C04F79EFBC}") = "project_54", "project_54\project_54.csproj", "{FDAA5F94-3C1F-463A-BFE8-160EB65A28EB}"
EndProject
Project("{FAE04EC0-301F-11D3-BF4B-00C04F79EFBC}") = "project_55", "project_55\project_55.csproj", "{48BA93C5-B8E3-4A4C-8754-C32D88801935}"
EndProject
Project("{FAE04EC0-301F-11D3-BF4B-00C04F79EFBC}") = "project_56", "project_56\project_56.csproj", "{192DF5FD-0A8B-4035-B43E-46323F53CF15}"
EndProject
Project("{FAE04EC0-301F-11D3-BF4B-00C04F79EFBC}") = "project_57", "project_57\project_57.csproj", "{D7D0688D-CEBE-45F4-8F3A-34AC74B186C1}"
EndProject
Project("{FAE04EC0-301F-11D3-BF4B-00C04F79EFBC}") = "project_58", "project_58\project_58.csproj", "{51A0C95C-29B8-4446-AF2D-DC4781A337BB}"
EndProject
Project("{FAE04EC0-301F-11D3-BF4B-00C04F79EFBC}") = "project_59", "project_59\project_59.csproj", "{785F1C02-28DF-49A4-86AA-97D74DDCE23F}"
EndProject
Project("{FAE04EC0-301F-11D3-BF4B-00C04F79EFBC}") = "project_60", "project_60\project_60.csproj", "{42165A3B-0E8C-4ACD-AE22-87AAFB6C235F}"
EndProject
Project("{FAE04EC0-301F-11D3-BF4B-00C04F79EFBC}") = "project_61", "project_61\project_61.csproj", "{DA15A569-488F-4C76-AED9-35B001816DB8}"
EndProject
Project("{FAE04EC0-301F-11D3-BF4B-00C04F79EFBC}") = "project_62", "project_62\project_62.csproj", "{4E5381BE-3B10-4BD6-90B3-E7F67105AB17}"
EndProject
Project("{FAE04EC0-301F-11D3-BF4B-00C04F79EFBC}") = "project_63", "project_63\project_63.csproj", "{97D4D5D0-8BB2-435C-9147-76AF78AC50AE}"
EndProject
Project("{FAE04EC0-301F-11D3-BF4B-00C04F79EFBC}") = "project_64", "project_64\project_64.csproj", "{98CC5CFC-EB98-4FB5-83A5-C562A7ED68AB}"
EndProject
Project("{FAE04EC0-301F-11D3-BF4B-00C04F79EFBC}") = "project_65", "project_65\project_65.csproj", "{BB0503C2-29A1-4128-8CAD-B451E9A5923D}"
EndProject
Project("{FAE04EC0-301F-11D3-BF4B-00C04F79EFBC}") = "project_66", "project_66\project_66.csproj", "{D8717525-9723-4637-9B82-8772D3456BC1}"
EndProject
Project("{FAE04EC0-301F-11D3-BF4B-00C04F79EFBC}") = "project_68", "project_68\project_68.csproj", "{93CE6D9C-E127-4DD6-973B-A42D8D36B7B3}"
EndProject
Project("{FAE04EC0-301F-11D3-BF4B-00C04F79EFBC}") = "project_70", "project_70\project_70.csproj", "{ACA99E5B-25B3-4BDA-BFF6-1DCD4057EF99}"
EndProject
Project("{FAE04EC0-301F-11D3-BF4B-00C04F79EFBC}") = "project_72", "project_72\project_72.csproj", "{BBBD1226-C728-45BC-AB25-62A4FC74B4D1}"
EndProject
Project("{FAE04EC0-301F-11D3-BF4B-00C04F79EFBC}") = "project_74", "project_74\project_74.csproj", "{C7979757-A855-46E3-9F79-0F8E802FB13B}"
EndProject
Project("{FAE04EC0-301F-11D3-BF4B-00C04F79EFBC}") = "project_67", "progect_67\project_67.csproj", "{895D8878-8AA1-4165-93DA-B0819A0C27A5}"
EndProject
Project("{FAE04EC0-301F-11D3-BF4B-00C04F79EFBC}") = "project_69", "project_69\project_69.csproj", "{92C48628-143C-4F65-8AF7-C0F959CE0B03}"
EndProject
Project("{FAE04EC0-301F-11D3-BF4B-00C04F79EFBC}") = "project_71", "project_71\project_71.csproj", "{2313AF00-8EFA-4FA9-B50B-B45DB2A6E460}"
EndProject
Project("{FAE04EC0-301F-11D3-BF4B-00C04F79EFBC}") = "project_73", "project_73\project_73.csproj", "{146596E0-2145-4D64-949E-65AA14D1603D}"
EndProject
Project("{FAE04EC0-301F-11D3-BF4B-00C04F79EFBC}") = "project_76", "project_76\project_76.csproj", "{7BD733BB-6C0B-4D3C-A7A5-23EDAE0059BF}"
EndProject
Project("{FAE04EC0-301F-11D3-BF4B-00C04F79EFBC}") = "project_75", "project_75\project_75.csproj", "{7DA9BAFA-C754-4229-BBA5-A8CD182F1831}"
EndProject
Global
	GlobalSection(SolutionConfigurationPlatforms) = preSolution
		Debug|Any CPU = Debug|Any CPU
		Release|Any CPU = Release|Any CPU
	EndGlobalSection
	GlobalSection(ProjectConfigurationPlatforms) = postSolution
		{DAFAC7C9-3F91-411B-A5D2-77B399F3D587}.Debug|Any CPU.ActiveCfg = Debug|Any CPU
		{DAFAC7C9-3F91-411B-A5D2-77B399F3D587}.Debug|Any CPU.Build.0 = Debug|Any CPU
		{DAFAC7C9-3F91-411B-A5D2-77B399F3D587}.Release|Any CPU.ActiveCfg = Release|Any CPU
		{DAFAC7C9-3F91-411B-A5D2-77B399F3D587}.Release|Any CPU.Build.0 = Release|Any CPU
		{23A86A0F-341D-4CB1-AC77-39566BD30448}.Debug|Any CPU.ActiveCfg = Debug|Any CPU
		{23A86A0F-341D-4CB1-AC77-39566BD30448}.Debug|Any CPU.Build.0 = Debug|Any CPU
		{23A86A0F-341D-4CB1-AC77-39566BD30448}.Release|Any CPU.ActiveCfg = Release|Any CPU
		{23A86A0F-341D-4CB1-AC77-39566BD30448}.Release|Any CPU.Build.0 = Release|Any CPU
		{E345F298-989C-4C57-9912-374BAAD28FCB}.Debug|Any CPU.ActiveCfg = Debug|Any CPU
		{E345F298-989C-4C57-9912-374BAAD28FCB}.Debug|Any CPU.Build.0 = Debug|Any CPU
		{E345F298-989C-4C57-9912-374BAAD28FCB}.Release|Any CPU.ActiveCfg = Release|Any CPU
		{E345F298-989C-4C57-9912-374BAAD28FCB}.Release|Any CPU.Build.0 = Release|Any CPU
		{A8EB6243-5540-4B5F-BB7A-3B0DA61C16F9}.Debug|Any CPU.ActiveCfg = Debug|Any CPU
		{A8EB6243-5540-4B5F-BB7A-3B0DA61C16F9}.Debug|Any CPU.Build.0 = Debug|Any CPU
		{A8EB6243-5540-4B5F-BB7A-3B0DA61C16F9}.Release|Any CPU.ActiveCfg = Release|Any CPU
		{A8EB6243-5540-4B5F-BB7A-3B0DA61C16F9}.Release|Any CPU.Build.0 = Release|Any CPU
		{DC60259C-08A6-4EFD-BAD1-817BAF576562}.Debug|Any CPU.ActiveCfg = Debug|Any CPU
		{DC60259C-08A6-4EFD-BAD1-817BAF576562}.Debug|Any CPU.Build.0 = Debug|Any CPU
		{DC60259C-08A6-4EFD-BAD1-817BAF576562}.Release|Any CPU.ActiveCfg = Release|Any CPU
		{DC60259C-08A6-4EFD-BAD1-817BAF576562}.Release|Any CPU.Build.0 = Release|Any CPU
		{FD3B413F-8AE7-4DE7-BC4A-79A22F883AF3}.Debug|Any CPU.ActiveCfg = Debug|Any CPU
		{FD3B413F-8AE7-4DE7-BC4A-79A22F883AF3}.Debug|Any CPU.Build.0 = Debug|Any CPU
		{FD3B413F-8AE7-4DE7-BC4A-79A22F883AF3}.Release|Any CPU.ActiveCfg = Release|Any CPU
		{FD3B413F-8AE7-4DE7-BC4A-79A22F883AF3}.Release|Any CPU.Build.0 = Release|Any CPU
		{775D4B69-F156-4D50-95DA-84B8B3717A9C}.Debug|Any CPU.ActiveCfg = Debug|Any CPU
		{775D4B69-F156-4D50-95DA-84B8B3717A9C}.Debug|Any CPU.Build.0 = Debug|Any CPU
		{775D4B69-F156-4D50-95DA-84B8B3717A9C}.Release|Any CPU.ActiveCfg = Release|Any CPU
		{775D4B69-F156-4D50-95DA-84B8B3717A9C}.Release|Any CPU.Build.0 = Release|Any CPU
		{4BCDC031-AFED-40F1-98B5-DBD94EC3D63E}.Debug|Any CPU.ActiveCfg = Debug|Any CPU
		{4BCDC031-AFED-40F1-98B5-DBD94EC3D63E}.Debug|Any CPU.Build.0 = Debug|Any CPU
		{4BCDC031-AFED-40F1-98B5-DBD94EC3D63E}.Release|Any CPU.ActiveCfg = Release|Any CPU
		{4BCDC031-AFED-40F1-98B5-DBD94EC3D63E}.Release|Any CPU.Build.0 = Release|Any CPU
		{5D8B7856-87C3-4A07-8425-E1585D08BDC0}.Debug|Any CPU.ActiveCfg = Debug|Any CPU
		{5D8B7856-87C3-4A07-8425-E1585D08BDC0}.Debug|Any CPU.Build.0 = Debug|Any CPU
		{5D8B7856-87C3-4A07-8425-E1585D08BDC0}.Release|Any CPU.ActiveCfg = Release|Any CPU
		{5D8B7856-87C3-4A07-8425-E1585D08BDC0}.Release|Any CPU.Build.0 = Release|Any CPU
		{7DC19D29-C861-4C41-81D1-BBB0ABDC5AE8}.Debug|Any CPU.ActiveCfg = Debug|Any CPU
		{7DC19D29-C861-4C41-81D1-BBB0ABDC5AE8}.Debug|Any CPU.Build.0 = Debug|Any CPU
		{7DC19D29-C861-4C41-81D1-BBB0ABDC5AE8}.Release|Any CPU.ActiveCfg = Release|Any CPU
		{7DC19D29-C861-4C41-81D1-BBB0ABDC5AE8}.Release|Any CPU.Build.0 = Release|Any CPU
		{720DE5CA-BAA9-4BDC-9779-919C3F6AA494}.Debug|Any CPU.ActiveCfg = Debug|Any CPU
		{720DE5CA-BAA9-4BDC-9779-919C3F6AA494}.Debug|Any CPU.Build.0 = Debug|Any CPU
		{720DE5CA-BAA9-4BDC-9779-919C3F6AA494}.Release|Any CPU.ActiveCfg = Release|Any CPU
		{720DE5CA-BAA9-4BDC-9779-919C3F6AA494}.Release|Any CPU.Build.0 = Release|Any CPU
		{E5510E45-7D90-4B13-8B37-5FCC96CE1ED5}.Debug|Any CPU.ActiveCfg = Debug|Any CPU
		{E5510E45-7D90-4B13-8B37-5FCC96CE1ED5}.Debug|Any CPU.Build.0 = Debug|Any CPU
		{E5510E45-7D90-4B13-8B37-5FCC96CE1ED5}.Release|Any CPU.ActiveCfg = Release|Any CPU
		{E5510E45-7D90-4B13-8B37-5FCC96CE1ED5}.Release|Any CPU.Build.0 = Release|Any CPU
		{C7D71830-A388-4DCA-8D25-2F84BA8C4478}.Debug|Any CPU.ActiveCfg = Debug|Any CPU
		{C7D71830-A388-4DCA-8D25-2F84BA8C4478}.Debug|Any CPU.Build.0 = Debug|Any CPU
		{C7D71830-A388-4DCA-8D25-2F84BA8C4478}.Release|Any CPU.ActiveCfg = Release|Any CPU
		{C7D71830-A388-4DCA-8D25-2F84BA8C4478}.Release|Any CPU.Build.0 = Release|Any CPU
		{451E7FF5-1270-431B-B605-1EF677A4146D}.Debug|Any CPU.ActiveCfg = Debug|Any CPU
		{451E7FF5-1270-431B-B605-1EF677A4146D}.Debug|Any CPU.Build.0 = Debug|Any CPU
		{451E7FF5-1270-431B-B605-1EF677A4146D}.Release|Any CPU.ActiveCfg = Release|Any CPU
		{451E7FF5-1270-431B-B605-1EF677A4146D}.Release|Any CPU.Build.0 = Release|Any CPU
		{7F0BF021-38D3-419F-BA10-F13CA72E7973}.Debug|Any CPU.ActiveCfg = Debug|Any CPU
		{7F0BF021-38D3-419F-BA10-F13CA72E7973}.Debug|Any CPU.Build.0 = Debug|Any CPU
		{7F0BF021-38D3-419F-BA10-F13CA72E7973}.Release|Any CPU.ActiveCfg = Release|Any CPU
		{7F0BF021-38D3-419F-BA10-F13CA72E7973}.Release|Any CPU.Build.0 = Release|Any CPU
		{E4B7FA20-BE3F-4CBB-B261-428334E2DEB6}.Debug|Any CPU.ActiveCfg = Debug|Any CPU
		{E4B7FA20-BE3F-4CBB-B261-428334E2DEB6}.Debug|Any CPU.Build.0 = Debug|Any CPU
		{E4B7FA20-BE3F-4CBB-B261-428334E2DEB6}.Release|Any CPU.ActiveCfg = Release|Any CPU
		{E4B7FA20-BE3F-4CBB-B261-428334E2DEB6}.Release|Any CPU.Build.0 = Release|Any CPU
		{C908FC71-4FE3-4F8E-BA95-BFD25EA03985}.Debug|Any CPU.ActiveCfg = Debug|Any CPU
		{C908FC71-4FE3-4F8E-BA95-BFD25EA03985}.Debug|Any CPU.Build.0 = Debug|Any CPU
		{C908FC71-4FE3-4F8E-BA95-BFD25EA03985}.Release|Any CPU.ActiveCfg = Release|Any CPU
		{C908FC71-4FE3-4F8E-BA95-BFD25EA03985}.Release|Any CPU.Build.0 = Release|Any CPU
		{96F11B6B-B11F-4611-B461-D39BFB3C6BA8}.Debug|Any CPU.ActiveCfg = Debug|Any CPU
		{96F11B6B-B11F-4611-B461-D39BFB3C6BA8}.Debug|Any CPU.Build.0 = Debug|Any CPU
		{96F11B6B-B11F-4611-B461-D39BFB3C6BA8}.Release|Any CPU.ActiveCfg = Release|Any CPU
		{96F11B6B-B11F-4611-B461-D39BFB3C6BA8}.Release|Any CPU.Build.0 = Release|Any CPU
		{5644195F-4CC4-482C-AC44-F60048DA14B1}.Debug|Any CPU.ActiveCfg = Debug|Any CPU
		{5644195F-4CC4-482C-AC44-F60048DA14B1}.Debug|Any CPU.Build.0 = Debug|Any CPU
		{5644195F-4CC4-482C-AC44-F60048DA14B1}.Release|Any CPU.ActiveCfg = Release|Any CPU
		{5644195F-4CC4-482C-AC44-F60048DA14B1}.Release|Any CPU.Build.0 = Release|Any CPU
		{FA9F96C9-DFA8-491C-8796-9815C60CF952}.Debug|Any CPU.ActiveCfg = Debug|Any CPU
		{FA9F96C9-DFA8-491C-8796-9815C60CF952}.Debug|Any CPU.Build.0 = Debug|Any CPU
		{FA9F96C9-DFA8-491C-8796-9815C60CF952}.Release|Any CPU.ActiveCfg = Release|Any CPU
		{FA9F96C9-DFA8-491C-8796-9815C60CF952}.Release|Any CPU.Build.0 = Release|Any CPU
		{0CA3E63C-4CC0-476C-9683-28FF0E2B0752}.Debug|Any CPU.ActiveCfg = Debug|Any CPU
		{0CA3E63C-4CC0-476C-9683-28FF0E2B0752}.Debug|Any CPU.Build.0 = Debug|Any CPU
		{0CA3E63C-4CC0-476C-9683-28FF0E2B0752}.Release|Any CPU.ActiveCfg = Release|Any CPU
		{0CA3E63C-4CC0-476C-9683-28FF0E2B0752}.Release|Any CPU.Build.0 = Release|Any CPU
		{E220EC71-68B7-4C3E-827F-379F0943E4EE}.Debug|Any CPU.ActiveCfg = Debug|Any CPU
		{E220EC71-68B7-4C3E-827F-379F0943E4EE}.Debug|Any CPU.Build.0 = Debug|Any CPU
		{E220EC71-68B7-4C3E-827F-379F0943E4EE}.Release|Any CPU.ActiveCfg = Release|Any CPU
		{E220EC71-68B7-4C3E-827F-379F0943E4EE}.Release|Any CPU.Build.0 = Release|Any CPU
		{1B5C96F9-A08E-43A8-8467-802AE3E29C05}.Debug|Any CPU.ActiveCfg = Debug|Any CPU
		{1B5C96F9-A08E-43A8-8467-802AE3E29C05}.Debug|Any CPU.Build.0 = Debug|Any CPU
		{1B5C96F9-A08E-43A8-8467-802AE3E29C05}.Release|Any CPU.ActiveCfg = Release|Any CPU
		{1B5C96F9-A08E-43A8-8467-802AE3E29C05}.Release|Any CPU.Build.0 = Release|Any CPU
		{59D084C6-5654-4F6C-B05B-4632213A0BAA}.Debug|Any CPU.ActiveCfg = Debug|Any CPU
		{59D084C6-5654-4F6C-B05B-4632213A0BAA}.Debug|Any CPU.Build.0 = Debug|Any CPU
		{59D084C6-5654-4F6C-B05B-4632213A0BAA}.Release|Any CPU.ActiveCfg = Release|Any CPU
		{59D084C6-5654-4F6C-B05B-4632213A0BAA}.Release|Any CPU.Build.0 = Release|Any CPU
		{4487989C-5F4F-4F8F-8285-8B6706E1F3DB}.Debug|Any CPU.ActiveCfg = Debug|Any CPU
		{4487989C-5F4F-4F8F-8285-8B6706E1F3DB}.Debug|Any CPU.Build.0 = Debug|Any CPU
		{4487989C-5F4F-4F8F-8285-8B6706E1F3DB}.Release|Any CPU.ActiveCfg = Release|Any CPU
		{4487989C-5F4F-4F8F-8285-8B6706E1F3DB}.Release|Any CPU.Build.0 = Release|Any CPU
		{50E11990-7EA1-44A2-8A05-9249B6166F91}.Debug|Any CPU.ActiveCfg = Debug|Any CPU
		{50E11990-7EA1-44A2-8A05-9249B6166F91}.Debug|Any CPU.Build.0 = Debug|Any CPU
		{50E11990-7EA1-44A2-8A05-9249B6166F91}.Release|Any CPU.ActiveCfg = Release|Any CPU
		{50E11990-7EA1-44A2-8A05-9249B6166F91}.Release|Any CPU.Build.0 = Release|Any CPU
		{43D170F4-72D7-4D93-A0D8-399073AF0AE9}.Debug|Any CPU.ActiveCfg = Debug|Any CPU
		{43D170F4-72D7-4D93-A0D8-399073AF0AE9}.Debug|Any CPU.Build.0 = Debug|Any CPU
		{43D170F4-72D7-4D93-A0D8-399073AF0AE9}.Release|Any CPU.ActiveCfg = Release|Any CPU
		{43D170F4-72D7-4D93-A0D8-399073AF0AE9}.Release|Any CPU.Build.0 = Release|Any CPU
		{616D7C49-6B5A-4F45-9F6E-FAE5F96470CD}.Debug|Any CPU.ActiveCfg = Debug|Any CPU
		{616D7C49-6B5A-4F45-9F6E-FAE5F96470CD}.Debug|Any CPU.Build.0 = Debug|Any CPU
		{616D7C49-6B5A-4F45-9F6E-FAE5F96470CD}.Release|Any CPU.ActiveCfg = Release|Any CPU
		{616D7C49-6B5A-4F45-9F6E-FAE5F96470CD}.Release|Any CPU.Build.0 = Release|Any CPU
		{51F9EDA1-B5BA-4667-B453-3BF6A686A647}.Debug|Any CPU.ActiveCfg = Debug|Any CPU
		{51F9EDA1-B5BA-4667-B453-3BF6A686A647}.Debug|Any CPU.Build.0 = Debug|Any CPU
		{51F9EDA1-B5BA-4667-B453-3BF6A686A647}.Release|Any CPU.ActiveCfg = Release|Any CPU
		{51F9EDA1-B5BA-4667-B453-3BF6A686A647}.Release|Any CPU.Build.0 = Release|Any CPU
		{E3ED106F-A849-4D85-BB2A-16B1A478378B}.Debug|Any CPU.ActiveCfg = Debug|Any CPU
		{E3ED106F-A849-4D85-BB2A-16B1A478378B}.Debug|Any CPU.Build.0 = Debug|Any CPU
		{E3ED106F-A849-4D85-BB2A-16B1A478378B}.Release|Any CPU.ActiveCfg = Release|Any CPU
		{E3ED106F-A849-4D85-BB2A-16B1A478378B}.Release|Any CPU.Build.0 = Release|Any CPU
		{8FFACF2F-3C78-4608-BF85-878F48B8A285}.Debug|Any CPU.ActiveCfg = Debug|Any CPU
		{8FFACF2F-3C78-4608-BF85-878F48B8A285}.Debug|Any CPU.Build.0 = Debug|Any CPU
		{8FFACF2F-3C78-4608-BF85-878F48B8A285}.Release|Any CPU.ActiveCfg = Release|Any CPU
		{8FFACF2F-3C78-4608-BF85-878F48B8A285}.Release|Any CPU.Build.0 = Release|Any CPU
		{AC86AF87-1369-4B6E-A177-3F824F77F29D}.Debug|Any CPU.ActiveCfg = Debug|Any CPU
		{AC86AF87-1369-4B6E-A177-3F824F77F29D}.Debug|Any CPU.Build.0 = Debug|Any CPU
		{AC86AF87-1369-4B6E-A177-3F824F77F29D}.Release|Any CPU.ActiveCfg = Release|Any CPU
		{AC86AF87-1369-4B6E-A177-3F824F77F29D}.Release|Any CPU.Build.0 = Release|Any CPU
		{1B2EC9A8-FAE5-48D4-878D-8B870889A121}.Debug|Any CPU.ActiveCfg = Debug|Any CPU
		{1B2EC9A8-FAE5-48D4-878D-8B870889A121}.Debug|Any CPU.Build.0 = Debug|Any CPU
		{1B2EC9A8-FAE5-48D4-878D-8B870889A121}.Release|Any CPU.ActiveCfg = Release|Any CPU
		{1B2EC9A8-FAE5-48D4-878D-8B870889A121}.Release|Any CPU.Build.0 = Release|Any CPU
		{4599A79F-96B1-4FBE-BC86-9C7B4A6A32D3}.Debug|Any CPU.ActiveCfg = Debug|Any CPU
		{4599A79F-96B1-4FBE-BC86-9C7B4A6A32D3}.Debug|Any CPU.Build.0 = Debug|Any CPU
		{4599A79F-96B1-4FBE-BC86-9C7B4A6A32D3}.Release|Any CPU.ActiveCfg = Release|Any CPU
		{4599A79F-96B1-4FBE-BC86-9C7B4A6A32D3}.Release|Any CPU.Build.0 = Release|Any CPU
		{9BB07BDD-31EF-4D8A-8AC2-D45F50B347D7}.Debug|Any CPU.ActiveCfg = Debug|Any CPU
		{9BB07BDD-31EF-4D8A-8AC2-D45F50B347D7}.Debug|Any CPU.Build.0 = Debug|Any CPU
		{9BB07BDD-31EF-4D8A-8AC2-D45F50B347D7}.Release|Any CPU.ActiveCfg = Release|Any CPU
		{9BB07BDD-31EF-4D8A-8AC2-D45F50B347D7}.Release|Any CPU.Build.0 = Release|Any CPU
		{02263820-F55B-4F36-ABC2-C7E0E39DFDF2}.Debug|Any CPU.ActiveCfg = Debug|Any CPU
		{02263820-F55B-4F36-ABC2-C7E0E39DFDF2}.Debug|Any CPU.Build.0 = Debug|Any CPU
		{02263820-F55B-4F36-ABC2-C7E0E39DFDF2}.Release|Any CPU.ActiveCfg = Release|Any CPU
		{02263820-F55B-4F36-ABC2-C7E0E39DFDF2}.Release|Any CPU.Build.0 = Release|Any CPU
		{ACB747CC-ACB4-4AD3-846D-2F9FB5A7ABC3}.Debug|Any CPU.ActiveCfg = Debug|Any CPU
		{ACB747CC-ACB4-4AD3-846D-2F9FB5A7ABC3}.Debug|Any CPU.Build.0 = Debug|Any CPU
		{ACB747CC-ACB4-4AD3-846D-2F9FB5A7ABC3}.Release|Any CPU.ActiveCfg = Release|Any CPU
		{ACB747CC-ACB4-4AD3-846D-2F9FB5A7ABC3}.Release|Any CPU.Build.0 = Release|Any CPU
		{7F4243B4-D953-4BFC-BF81-E2C1FFC2A1A3}.Debug|Any CPU.ActiveCfg = Debug|Any CPU
		{7F4243B4-D953-4BFC-BF81-E2C1FFC2A1A3}.Debug|Any CPU.Build.0 = Debug|Any CPU
		{7F4243B4-D953-4BFC-BF81-E2C1FFC2A1A3}.Release|Any CPU.ActiveCfg = Release|Any CPU
		{7F4243B4-D953-4BFC-BF81-E2C1FFC2A1A3}.Release|Any CPU.Build.0 = Release|Any CPU
		{A75052F6-6F31-4C53-A3A2-ED94653BC2FB}.Debug|Any CPU.ActiveCfg = Debug|Any CPU
		{A75052F6-6F31-4C53-A3A2-ED94653BC2FB}.Debug|Any CPU.Build.0 = Debug|Any CPU
		{A75052F6-6F31-4C53-A3A2-ED94653BC2FB}.Release|Any CPU.ActiveCfg = Release|Any CPU
		{A75052F6-6F31-4C53-A3A2-ED94653BC2FB}.Release|Any CPU.Build.0 = Release|Any CPU
		{7BB71713-62B9-4E36-8237-6AB74AE17EFB}.Debug|Any CPU.ActiveCfg = Debug|Any CPU
		{7BB71713-62B9-4E36-8237-6AB74AE17EFB}.Debug|Any CPU.Build.0 = Debug|Any CPU
		{7BB71713-62B9-4E36-8237-6AB74AE17EFB}.Release|Any CPU.ActiveCfg = Release|Any CPU
		{7BB71713-62B9-4E36-8237-6AB74AE17EFB}.Release|Any CPU.Build.0 = Release|Any CPU
		{1D019F52-0A00-40B1-BBEF-1C8E23E25B17}.Debug|Any CPU.ActiveCfg = Debug|Any CPU
		{1D019F52-0A00-40B1-BBEF-1C8E23E25B17}.Debug|Any CPU.Build.0 = Debug|Any CPU
		{1D019F52-0A00-40B1-BBEF-1C8E23E25B17}.Release|Any CPU.ActiveCfg = Release|Any CPU
		{1D019F52-0A00-40B1-BBEF-1C8E23E25B17}.Release|Any CPU.Build.0 = Release|Any CPU
		{5DC05916-0AEE-4D63-933C-02CC0355461A}.Debug|Any CPU.ActiveCfg = Debug|Any CPU
		{5DC05916-0AEE-4D63-933C-02CC0355461A}.Debug|Any CPU.Build.0 = Debug|Any CPU
		{5DC05916-0AEE-4D63-933C-02CC0355461A}.Release|Any CPU.ActiveCfg = Release|Any CPU
		{5DC05916-0AEE-4D63-933C-02CC0355461A}.Release|Any CPU.Build.0 = Release|Any CPU
		{DC0042E6-94A4-4EE3-A812-5F8EDE29F740}.Debug|Any CPU.ActiveCfg = Debug|Any CPU
		{DC0042E6-94A4-4EE3-A812-5F8EDE29F740}.Debug|Any CPU.Build.0 = Debug|Any CPU
		{DC0042E6-94A4-4EE3-A812-5F8EDE29F740}.Release|Any CPU.ActiveCfg = Release|Any CPU
		{DC0042E6-94A4-4EE3-A812-5F8EDE29F740}.Release|Any CPU.Build.0 = Release|Any CPU
		{DD6ECA25-D2DB-48AB-A974-45B8A7D6512B}.Debug|Any CPU.ActiveCfg = Debug|Any CPU
		{DD6ECA25-D2DB-48AB-A974-45B8A7D6512B}.Debug|Any CPU.Build.0 = Debug|Any CPU
		{DD6ECA25-D2DB-48AB-A974-45B8A7D6512B}.Release|Any CPU.ActiveCfg = Release|Any CPU
		{DD6ECA25-D2DB-48AB-A974-45B8A7D6512B}.Release|Any CPU.Build.0 = Release|Any CPU
		{8388D6C8-2CFE-4F1A-9B51-34B6835D0FC2}.Debug|Any CPU.ActiveCfg = Debug|Any CPU
		{8388D6C8-2CFE-4F1A-9B51-34B6835D0FC2}.Debug|Any CPU.Build.0 = Debug|Any CPU
		{8388D6C8-2CFE-4F1A-9B51-34B6835D0FC2}.Release|Any CPU.ActiveCfg = Release|Any CPU
		{8388D6C8-2CFE-4F1A-9B51-34B6835D0FC2}.Release|Any CPU.Build.0 = Release|Any CPU
		{02CC811F-59D7-442C-B1C2-730ABAEF78BE}.Debug|Any CPU.ActiveCfg = Debug|Any CPU
		{02CC811F-59D7-442C-B1C2-730ABAEF78BE}.Debug|Any CPU.Build.0 = Debug|Any CPU
		{02CC811F-59D7-442C-B1C2-730ABAEF78BE}.Release|Any CPU.ActiveCfg = Release|Any CPU
		{02CC811F-59D7-442C-B1C2-730ABAEF78BE}.Release|Any CPU.Build.0 = Release|Any CPU
		{37B1A9DE-8C4A-4F73-8CF1-42976242C8CB}.Debug|Any CPU.ActiveCfg = Debug|Any CPU
		{37B1A9DE-8C4A-4F73-8CF1-42976242C8CB}.Debug|Any CPU.Build.0 = Debug|Any CPU
		{37B1A9DE-8C4A-4F73-8CF1-42976242C8CB}.Release|Any CPU.ActiveCfg = Release|Any CPU
		{37B1A9DE-8C4A-4F73-8CF1-42976242C8CB}.Release|Any CPU.Build.0 = Release|Any CPU
		{E5DF972C-99AE-4DDD-A74F-B0A5426C76E5}.Debug|Any CPU.ActiveCfg = Debug|Any CPU
		{E5DF972C-99AE-4DDD-A74F-B0A5426C76E5}.Debug|Any CPU.Build.0 = Debug|Any CPU
		{E5DF972C-99AE-4DDD-A74F-B0A5426C76E5}.Release|Any CPU.ActiveCfg = Release|Any CPU
		{E5DF972C-99AE-4DDD-A74F-B0A5426C76E5}.Release|Any CPU.Build.0 = Release|Any CPU
		{F68AC778-6682-46CE-8CA5-EA45055011F2}.Debug|Any CPU.ActiveCfg = Debug|Any CPU
		{F68AC778-6682-46CE-8CA5-EA45055011F2}.Debug|Any CPU.Build.0 = Debug|Any CPU
		{F68AC778-6682-46CE-8CA5-EA45055011F2}.Release|Any CPU.ActiveCfg = Release|Any CPU
		{F68AC778-6682-46CE-8CA5-EA45055011F2}.Release|Any CPU.Build.0 = Release|Any CPU
		{09CB9AAF-F3EB-4A6D-AE29-3A66EA569166}.Debug|Any CPU.ActiveCfg = Debug|Any CPU
		{09CB9AAF-F3EB-4A6D-AE29-3A66EA569166}.Debug|Any CPU.Build.0 = Debug|Any CPU
		{09CB9AAF-F3EB-4A6D-AE29-3A66EA569166}.Release|Any CPU.ActiveCfg = Release|Any CPU
		{09CB9AAF-F3EB-4A6D-AE29-3A66EA569166}.Release|Any CPU.Build.0 = Release|Any CPU
		{9F34DDDD-D540-4A3F-BAB2-11CF8BD48FE1}.Debug|Any CPU.ActiveCfg = Debug|Any CPU
		{9F34DDDD-D540-4A3F-BAB2-11CF8BD48FE1}.Debug|Any CPU.Build.0 = Debug|Any CPU
		{9F34DDDD-D540-4A3F-BAB2-11CF8BD48FE1}.Release|Any CPU.ActiveCfg = Release|Any CPU
		{9F34DDDD-D540-4A3F-BAB2-11CF8BD48FE1}.Release|Any CPU.Build.0 = Release|Any CPU
		{E192AF75-699B-4932-BFDD-8BCB56A94D3F}.Debug|Any CPU.ActiveCfg = Debug|Any CPU
		{E192AF75-699B-4932-BFDD-8BCB56A94D3F}.Debug|Any CPU.Build.0 = Debug|Any CPU
		{E192AF75-699B-4932-BFDD-8BCB56A94D3F}.Release|Any CPU.ActiveCfg = Release|Any CPU
		{E192AF75-699B-4932-BFDD-8BCB56A94D3F}.Release|Any CPU.Build.0 = Release|Any CPU
		{3239AF78-7BF0-4A9E-BA73-3C5794062632}.Debug|Any CPU.ActiveCfg = Debug|Any CPU
		{3239AF78-7BF0-4A9E-BA73-3C5794062632}.Debug|Any CPU.Build.0 = Debug|Any CPU
		{3239AF78-7BF0-4A9E-BA73-3C5794062632}.Release|Any CPU.ActiveCfg = Release|Any CPU
		{3239AF78-7BF0-4A9E-BA73-3C5794062632}.Release|Any CPU.Build.0 = Release|Any CPU
		{3FFE981B-2429-4A3B-9215-B24C0208903F}.Debug|Any CPU.ActiveCfg = Debug|Any CPU
		{3FFE981B-2429-4A3B-9215-B24C0208903F}.Debug|Any CPU.Build.0 = Debug|Any CPU
		{3FFE981B-2429-4A3B-9215-B24C0208903F}.Release|Any CPU.ActiveCfg = Release|Any CPU
		{3FFE981B-2429-4A3B-9215-B24C0208903F}.Release|Any CPU.Build.0 = Release|Any CPU
		{FDAA5F94-3C1F-463A-BFE8-160EB65A28EB}.Debug|Any CPU.ActiveCfg = Debug|Any CPU
		{FDAA5F94-3C1F-463A-BFE8-160EB65A28EB}.Debug|Any CPU.Build.0 = Debug|Any CPU
		{FDAA5F94-3C1F-463A-BFE8-160EB65A28EB}.Release|Any CPU.ActiveCfg = Release|Any CPU
		{FDAA5F94-3C1F-463A-BFE8-160EB65A28EB}.Release|Any CPU.Build.0 = Release|Any CPU
		{48BA93C5-B8E3-4A4C-8754-C32D88801935}.Debug|Any CPU.ActiveCfg = Debug|Any CPU
		{48BA93C5-B8E3-4A4C-8754-C32D88801935}.Debug|Any CPU.Build.0 = Debug|Any CPU
		{48BA93C5-B8E3-4A4C-8754-C32D88801935}.Release|Any CPU.ActiveCfg = Release|Any CPU
		{48BA93C5-B8E3-4A4C-8754-C32D88801935}.Release|Any CPU.Build.0 = Release|Any CPU
		{192DF5FD-0A8B-4035-B43E-46323F53CF15}.Debug|Any CPU.ActiveCfg = Debug|Any CPU
		{192DF5FD-0A8B-4035-B43E-46323F53CF15}.Debug|Any CPU.Build.0 = Debug|Any CPU
		{192DF5FD-0A8B-4035-B43E-46323F53CF15}.Release|Any CPU.ActiveCfg = Release|Any CPU
		{192DF5FD-0A8B-4035-B43E-46323F53CF15}.Release|Any CPU.Build.0 = Release|Any CPU
		{D7D0688D-CEBE-45F4-8F3A-34AC74B186C1}.Debug|Any CPU.ActiveCfg = Debug|Any CPU
		{D7D0688D-CEBE-45F4-8F3A-34AC74B186C1}.Debug|Any CPU.Build.0 = Debug|Any CPU
		{D7D0688D-CEBE-45F4-8F3A-34AC74B186C1}.Release|Any CPU.ActiveCfg = Release|Any CPU
		{D7D0688D-CEBE-45F4-8F3A-34AC74B186C1}.Release|Any CPU.Build.0 = Release|Any CPU
		{51A0C95C-29B8-4446-AF2D-DC4781A337BB}.Debug|Any CPU.ActiveCfg = Debug|Any CPU
		{51A0C95C-29B8-4446-AF2D-DC4781A337BB}.Debug|Any CPU.Build.0 = Debug|Any CPU
		{51A0C95C-29B8-4446-AF2D-DC4781A337BB}.Release|Any CPU.ActiveCfg = Release|Any CPU
		{51A0C95C-29B8-4446-AF2D-DC4781A337BB}.Release|Any CPU.Build.0 = Release|Any CPU
		{785F1C02-28DF-49A4-86AA-97D74DDCE23F}.Debug|Any CPU.ActiveCfg = Debug|Any CPU
		{785F1C02-28DF-49A4-86AA-97D74DDCE23F}.Debug|Any CPU.Build.0 = Debug|Any CPU
		{785F1C02-28DF-49A4-86AA-97D74DDCE23F}.Release|Any CPU.ActiveCfg = Release|Any CPU
		{785F1C02-28DF-49A4-86AA-97D74DDCE23F}.Release|Any CPU.Build.0 = Release|Any CPU
		{42165A3B-0E8C-4ACD-AE22-87AAFB6C235F}.Debug|Any CPU.ActiveCfg = Debug|Any CPU
		{42165A3B-0E8C-4ACD-AE22-87AAFB6C235F}.Debug|Any CPU.Build.0 = Debug|Any CPU
		{42165A3B-0E8C-4ACD-AE22-87AAFB6C235F}.Release|Any CPU.ActiveCfg = Release|Any CPU
		{42165A3B-0E8C-4ACD-AE22-87AAFB6C235F}.Release|Any CPU.Build.0 = Release|Any CPU
		{DA15A569-488F-4C76-AED9-35B001816DB8}.Debug|Any CPU.ActiveCfg = Debug|Any CPU
		{DA15A569-488F-4C76-AED9-35B001816DB8}.Debug|Any CPU.Build.0 = Debug|Any CPU
		{DA15A569-488F-4C76-AED9-35B001816DB8}.Release|Any CPU.ActiveCfg = Release|Any CPU
		{DA15A569-488F-4C76-AED9-35B001816DB8}.Release|Any CPU.Build.0 = Release|Any CPU
		{4E5381BE-3B10-4BD6-90B3-E7F67105AB17}.Debug|Any CPU.ActiveCfg = Debug|Any CPU
		{4E5381BE-3B10-4BD6-90B3-E7F67105AB17}.Debug|Any CPU.Build.0 = Debug|Any CPU
		{4E5381BE-3B10-4BD6-90B3-E7F67105AB17}.Release|Any CPU.ActiveCfg = Release|Any CPU
		{4E5381BE-3B10-4BD6-90B3-E7F67105AB17}.Release|Any CPU.Build.0 = Release|Any CPU
		{97D4D5D0-8BB2-435C-9147-76AF78AC50AE}.Debug|Any CPU.ActiveCfg = Debug|Any CPU
		{97D4D5D0-8BB2-435C-9147-76AF78AC50AE}.Debug|Any CPU.Build.0 = Debug|Any CPU
		{97D4D5D0-8BB2-435C-9147-76AF78AC50AE}.Release|Any CPU.ActiveCfg = Release|Any CPU
		{97D4D5D0-8BB2-435C-9147-76AF78AC50AE}.Release|Any CPU.Build.0 = Release|Any CPU
		{98CC5CFC-EB98-4FB5-83A5-C562A7ED68AB}.Debug|Any CPU.ActiveCfg = Debug|Any CPU
		{98CC5CFC-EB98-4FB5-83A5-C562A7ED68AB}.Debug|Any CPU.Build.0 = Debug|Any CPU
		{98CC5CFC-EB98-4FB5-83A5-C562A7ED68AB}.Release|Any CPU.ActiveCfg = Release|Any CPU
		{98CC5CFC-EB98-4FB5-83A5-C562A7ED68AB}.Release|Any CPU.Build.0 = Release|Any CPU
		{BB0503C2-29A1-4128-8CAD-B451E9A5923D}.Debug|Any CPU.ActiveCfg = Debug|Any CPU
		{BB0503C2-29A1-4128-8CAD-B451E9A5923D}.Debug|Any CPU.Build.0 = Debug|Any CPU
		{BB0503C2-29A1-4128-8CAD-B451E9A5923D}.Release|Any CPU.ActiveCfg = Release|Any CPU
		{BB0503C2-29A1-4128-8CAD-B451E9A5923D}.Release|Any CPU.Build.0 = Release|Any CPU
		{D8717525-9723-4637-9B82-8772D3456BC1}.Debug|Any CPU.ActiveCfg = Debug|Any CPU
		{D8717525-9723-4637-9B82-8772D3456BC1}.Debug|Any CPU.Build.0 = Debug|Any CPU
		{D8717525-9723-4637-9B82-8772D3456BC1}.Release|Any CPU.ActiveCfg = Release|Any CPU
		{D8717525-9723-4637-9B82-8772D3456BC1}.Release|Any CPU.Build.0 = Release|Any CPU
		{93CE6D9C-E127-4DD6-973B-A42D8D36B7B3}.Debug|Any CPU.ActiveCfg = Debug|Any CPU
		{93CE6D9C-E127-4DD6-973B-A42D8D36B7B3}.Debug|Any CPU.Build.0 = Debug|Any CPU
		{93CE6D9C-E127-4DD6-973B-A42D8D36B7B3}.Release|Any CPU.ActiveCfg = Release|Any CPU
		{93CE6D9C-E127-4DD6-973B-A42D8D36B7B3}.Release|Any CPU.Build.0 = Release|Any CPU
		{ACA99E5B-25B3-4BDA-BFF6-1DCD4057EF99}.Debug|Any CPU.ActiveCfg = Debug|Any CPU
		{ACA99E5B-25B3-4BDA-BFF6-1DCD4057EF99}.Debug|Any CPU.Build.0 = Debug|Any CPU
		{ACA99E5B-25B3-4BDA-BFF6-1DCD4057EF99}.Release|Any CPU.ActiveCfg = Release|Any CPU
		{ACA99E5B-25B3-4BDA-BFF6-1DCD4057EF99}.Release|Any CPU.Build.0 = Release|Any CPU
		{BBBD1226-C728-45BC-AB25-62A4FC74B4D1}.Debug|Any CPU.ActiveCfg = Debug|Any CPU
		{BBBD1226-C728-45BC-AB25-62A4FC74B4D1}.Debug|Any CPU.Build.0 = Debug|Any CPU
		{BBBD1226-C728-45BC-AB25-62A4FC74B4D1}.Release|Any CPU.ActiveCfg = Release|Any CPU
		{BBBD1226-C728-45BC-AB25-62A4FC74B4D1}.Release|Any CPU.Build.0 = Release|Any CPU
		{C7979757-A855-46E3-9F79-0F8E802FB13B}.Debug|Any CPU.ActiveCfg = Debug|Any CPU
		{C7979757-A855-46E3-9F79-0F8E802FB13B}.Debug|Any CPU.Build.0 = Debug|Any CPU
		{C7979757-A855-46E3-9F79-0F8E802FB13B}.Release|Any CPU.ActiveCfg = Release|Any CPU
		{C7979757-A855-46E3-9F79-0F8E802FB13B}.Release|Any CPU.Build.0 = Release|Any CPU
		{895D8878-8AA1-4165-93DA-B0819A0C27A5}.Debug|Any CPU.ActiveCfg = Debug|Any CPU
		{895D8878-8AA1-4165-93DA-B0819A0C27A5}.Debug|Any CPU.Build.0 = Debug|Any CPU
		{895D8878-8AA1-4165-93DA-B0819A0C27A5}.Release|Any CPU.ActiveCfg = Release|Any CPU
		{895D8878-8AA1-4165-93DA-B0819A0C27A5}.Release|Any CPU.Build.0 = Release|Any CPU
		{92C48628-143C-4F65-8AF7-C0F959CE0B03}.Debug|Any CPU.ActiveCfg = Debug|Any CPU
		{92C48628-143C-4F65-8AF7-C0F959CE0B03}.Debug|Any CPU.Build.0 = Debug|Any CPU
		{92C48628-143C-4F65-8AF7-C0F959CE0B03}.Release|Any CPU.ActiveCfg = Release|Any CPU
		{92C48628-143C-4F65-8AF7-C0F959CE0B03}.Release|Any CPU.Build.0 = Release|Any CPU
		{2313AF00-8EFA-4FA9-B50B-B45DB2A6E460}.Debug|Any CPU.ActiveCfg = Debug|Any CPU
		{2313AF00-8EFA-4FA9-B50B-B45DB2A6E460}.Debug|Any CPU.Build.0 = Debug|Any CPU
		{2313AF00-8EFA-4FA9-B50B-B45DB2A6E460}.Release|Any CPU.ActiveCfg = Release|Any CPU
		{2313AF00-8EFA-4FA9-B50B-B45DB2A6E460}.Release|Any CPU.Build.0 = Release|Any CPU
		{146596E0-2145-4D64-949E-65AA14D1603D}.Debug|Any CPU.ActiveCfg = Debug|Any CPU
		{146596E0-2145-4D64-949E-65AA14D1603D}.Debug|Any CPU.Build.0 = Debug|Any CPU
		{146596E0-2145-4D64-949E-65AA14D1603D}.Release|Any CPU.ActiveCfg = Release|Any CPU
		{146596E0-2145-4D64-949E-65AA14D1603D}.Release|Any CPU.Build.0 = Release|Any CPU
		{7BD733BB-6C0B-4D3C-A7A5-23EDAE0059BF}.Debug|Any CPU.ActiveCfg = Debug|Any CPU
		{7BD733BB-6C0B-4D3C-A7A5-23EDAE0059BF}.Debug|Any CPU.Build.0 = Debug|Any CPU
		{7BD733BB-6C0B-4D3C-A7A5-23EDAE0059BF}.Release|Any CPU.ActiveCfg = Release|Any CPU
		{7BD733BB-6C0B-4D3C-A7A5-23EDAE0059BF}.Release|Any CPU.Build.0 = Release|Any CPU
		{7DA9BAFA-C754-4229-BBA5-A8CD182F1831}.Debug|Any CPU.ActiveCfg = Debug|Any CPU
		{7DA9BAFA-C754-4229-BBA5-A8CD182F1831}.Debug|Any CPU.Build.0 = Debug|Any CPU
		{7DA9BAFA-C754-4229-BBA5-A8CD182F1831}.Release|Any CPU.ActiveCfg = Release|Any CPU
		{7DA9BAFA-C754-4229-BBA5-A8CD182F1831}.Release|Any CPU.Build.0 = Release|Any CPU
	EndGlobalSection
	GlobalSection(SolutionProperties) = preSolution
		HideSolutionNode = FALSE
	EndGlobalSection
	GlobalSection(ExtensibilityGlobals) = postSolution
		SolutionGuid = {339A8116-B643-47FF-AC83-7D12B7627866}
	EndGlobalSection
EndGlobal
